
Microsoft Visual Studio Solution File, Format Version 12.00
# Visual Studio Version 17
VisualStudioVersion = 17.8.34408.163
MinimumVisualStudioVersion = 10.0.40219.1
Project("{FAE04EC0-301F-11D3-BF4B-00C04F79EFBC}") = "Sirepaeva", "Sirepaeva\Sirepaeva.csproj", "{66761BA0-0ADA-4709-BF6B-103F03F884E8}"
EndProject
Global
	GlobalSection(SolutionConfigurationPlatforms) = preSolution
		Debug|Any CPU = Debug|Any CPU
		Release|Any CPU = Release|Any CPU
	EndGlobalSection
	GlobalSection(ProjectConfigurationPlatforms) = postSolution
		{66761BA0-0ADA-4709-BF6B-103F03F884E8}.Debug|Any CPU.ActiveCfg = Debug|Any CPU
		{66761BA0-0ADA-4709-BF6B-103F03F884E8}.Debug|Any CPU.Build.0 = Debug|Any CPU
		{66761BA0-0ADA-4709-BF6B-103F03F884E8}.Release|Any CPU.ActiveCfg = Release|Any CPU
		{66761BA0-0ADA-4709-BF6B-103F03F884E8}.Release|Any CPU.Build.0 = Release|Any CPU
	EndGlobalSection
	GlobalSection(SolutionProperties) = preSolution
		HideSolutionNode = FALSE
	EndGlobalSection
	GlobalSection(ExtensibilityGlobals) = postSolution
		SolutionGuid = {9FB6F0DE-7E8A-4C36-9987-4F1A05292109}
	EndGlobalSection
EndGlobal
